
Microsoft Visual Studio Solution File, Format Version 12.00
# Visual Studio 15
Project("{FAE04EC0-301F-11D3-BF4B-00C04F79EFBC}") = "Ziosk1", "Ziosk1\Ziosk1.csproj", "{3A8FC7FE-8B28-4700-9490-645A25F1A701}"
EndProject
Global
	GlobalSection(SolutionConfigurationPlatforms) = preSolution
		Debug|Any CPU = Debug|Any CPU
		Release|Any CPU = Release|Any CPU
	EndGlobalSection
	GlobalSection(ProjectConfigurationPlatforms) = postSolution
		{3A8FC7FE-8B28-4700-9490-645A25F1A701}.Debug|Any CPU.ActiveCfg = Debug|Any CPU
		{3A8FC7FE-8B28-4700-9490-645A25F1A701}.Debug|Any CPU.Build.0 = Debug|Any CPU
		{3A8FC7FE-8B28-4700-9490-645A25F1A701}.Release|Any CPU.ActiveCfg = Release|Any CPU
		{3A8FC7FE-8B28-4700-9490-645A25F1A701}.Release|Any CPU.Build.0 = Release|Any CPU
	EndGlobalSection
EndGlobal
